
Microsoft Visual Studio Solution File, Format Version 12.00
# Visual Studio Version 17
VisualStudioVersion = 17.11.35219.272
MinimumVisualStudioVersion = 10.0.40219.1
Project("{FAE04EC0-301F-11D3-BF4B-00C04F79EFBC}") = "Api-Lab11", "Api-Lab11\Api-Lab11.csproj", "{0C5E7649-BF65-4D35-AD82-742C0943A760}"
EndProject
Global
	GlobalSection(SolutionConfigurationPlatforms) = preSolution
		Debug|Any CPU = Debug|Any CPU
		Release|Any CPU = Release|Any CPU
	EndGlobalSection
	GlobalSection(ProjectConfigurationPlatforms) = postSolution
		{0C5E7649-BF65-4D35-AD82-742C0943A760}.Debug|Any CPU.ActiveCfg = Debug|Any CPU
		{0C5E7649-BF65-4D35-AD82-742C0943A760}.Debug|Any CPU.Build.0 = Debug|Any CPU
		{0C5E7649-BF65-4D35-AD82-742C0943A760}.Release|Any CPU.ActiveCfg = Release|Any CPU
		{0C5E7649-BF65-4D35-AD82-742C0943A760}.Release|Any CPU.Build.0 = Release|Any CPU
	EndGlobalSection
	GlobalSection(SolutionProperties) = preSolution
		HideSolutionNode = FALSE
	EndGlobalSection
	GlobalSection(ExtensibilityGlobals) = postSolution
		SolutionGuid = {7D01A68E-6AEE-4331-96DF-13DBED29E83D}
	EndGlobalSection
EndGlobal
